// !$*UTF8*$!
{
	archiveVersion = 1;
	classes = {
	};
	objectVersion = 46;
	objects = {

/* Begin PBXBuildFile section */
		141209871DE5FB490062AD5E /* ShowAllViewController.m in Sources */ = {isa = PBXBuildFile; fileRef = 141209861DE5FB490062AD5E /* ShowAllViewController.m */; };
		1444FF751DE4CF8D003ABC54 /* main.m in Sources */ = {isa = PBXBuildFile; fileRef = 1444FF741DE4CF8D003ABC54 /* main.m */; };
		1444FF781DE4CF8D003ABC54 /* AppDelegate.m in Sources */ = {isa = PBXBuildFile; fileRef = 1444FF771DE4CF8D003ABC54 /* AppDelegate.m */; };
		1444FF7B1DE4CF8D003ABC54 /* ViewController.m in Sources */ = {isa = PBXBuildFile; fileRef = 1444FF7A1DE4CF8D003ABC54 /* ViewController.m */; };
		1444FF7E1DE4CF8D003ABC54 /* Main.storyboard in Resources */ = {isa = PBXBuildFile; fileRef = 1444FF7C1DE4CF8D003ABC54 /* Main.storyboard */; };
		1444FF801DE4CF8D003ABC54 /* Assets.xcassets in Resources */ = {isa = PBXBuildFile; fileRef = 1444FF7F1DE4CF8D003ABC54 /* Assets.xcassets */; };
		1444FF831DE4CF8D003ABC54 /* LaunchScreen.storyboard in Resources */ = {isa = PBXBuildFile; fileRef = 1444FF811DE4CF8D003ABC54 /* LaunchScreen.storyboard */; };
		1444FF8F1DE4D3EA003ABC54 /* DownloadManager.m in Sources */ = {isa = PBXBuildFile; fileRef = 1444FF8E1DE4D3EA003ABC54 /* DownloadManager.m */; };
		1444FF921DE4D6D8003ABC54 /* CatPicture.m in Sources */ = {isa = PBXBuildFile; fileRef = 1444FF911DE4D6D8003ABC54 /* CatPicture.m */; };
		1444FF951DE50253003ABC54 /* CatImageCellCollectionViewCell.m in Sources */ = {isa = PBXBuildFile; fileRef = 1444FF941DE50253003ABC54 /* CatImageCellCollectionViewCell.m */; };
		1444FF991DE50F81003ABC54 /* DetailViewController.m in Sources */ = {isa = PBXBuildFile; fileRef = 1444FF981DE50F81003ABC54 /* DetailViewController.m */; };
		1444FF9C1DE51973003ABC54 /* LocationManager.m in Sources */ = {isa = PBXBuildFile; fileRef = 1444FF9B1DE51973003ABC54 /* LocationManager.m */; };
		1444FFA21DE52BBA003ABC54 /* MapKit.framework in Frameworks */ = {isa = PBXBuildFile; fileRef = 1444FFA11DE52BBA003ABC54 /* MapKit.framework */; };
		1444FFA51DE544EF003ABC54 /* SearchViewController.m in Sources */ = {isa = PBXBuildFile; fileRef = 1444FFA41DE544EF003ABC54 /* SearchViewController.m */; };
		6572F461B468B97A79236B03 /* libPods-CatMap.a in Frameworks */ = {isa = PBXBuildFile; fileRef = 250FDEC4600CE01856D4A56D /* libPods-CatMap.a */; };
/* End PBXBuildFile section */

/* Begin PBXFileReference section */
		141209851DE5FB490062AD5E /* ShowAllViewController.h */ = {isa = PBXFileReference; fileEncoding = 4; lastKnownFileType = sourcecode.c.h; path = ShowAllViewController.h; sourceTree = "<group>"; };
		141209861DE5FB490062AD5E /* ShowAllViewController.m */ = {isa = PBXFileReference; fileEncoding = 4; lastKnownFileType = sourcecode.c.objc; path = ShowAllViewController.m; sourceTree = "<group>"; };
		1444FF701DE4CF8D003ABC54 /* CatMap.app */ = {isa = PBXFileReference; explicitFileType = wrapper.application; includeInIndex = 0; path = CatMap.app; sourceTree = BUILT_PRODUCTS_DIR; };
		1444FF741DE4CF8D003ABC54 /* main.m */ = {isa = PBXFileReference; lastKnownFileType = sourcecode.c.objc; path = main.m; sourceTree = "<group>"; };
		1444FF761DE4CF8D003ABC54 /* AppDelegate.h */ = {isa = PBXFileReference; lastKnownFileType = sourcecode.c.h; path = AppDelegate.h; sourceTree = "<group>"; };
		1444FF771DE4CF8D003ABC54 /* AppDelegate.m */ = {isa = PBXFileReference; lastKnownFileType = sourcecode.c.objc; path = AppDelegate.m; sourceTree = "<group>"; };
		1444FF791DE4CF8D003ABC54 /* ViewController.h */ = {isa = PBXFileReference; lastKnownFileType = sourcecode.c.h; path = ViewController.h; sourceTree = "<group>"; };
		1444FF7A1DE4CF8D003ABC54 /* ViewController.m */ = {isa = PBXFileReference; lastKnownFileType = sourcecode.c.objc; path = ViewController.m; sourceTree = "<group>"; };
		1444FF7D1DE4CF8D003ABC54 /* Base */ = {isa = PBXFileReference; lastKnownFileType = file.storyboard; name = Base; path = Base.lproj/Main.storyboard; sourceTree = "<group>"; };
		1444FF7F1DE4CF8D003ABC54 /* Assets.xcassets */ = {isa = PBXFileReference; lastKnownFileType = folder.assetcatalog; path = Assets.xcassets; sourceTree = "<group>"; };
		1444FF821DE4CF8D003ABC54 /* Base */ = {isa = PBXFileReference; lastKnownFileType = file.storyboard; name = Base; path = Base.lproj/LaunchScreen.storyboard; sourceTree = "<group>"; };
		1444FF841DE4CF8D003ABC54 /* Info.plist */ = {isa = PBXFileReference; lastKnownFileType = text.plist.xml; path = Info.plist; sourceTree = "<group>"; };
		1444FF8D1DE4D3EA003ABC54 /* DownloadManager.h */ = {isa = PBXFileReference; fileEncoding = 4; lastKnownFileType = sourcecode.c.h; path = DownloadManager.h; sourceTree = "<group>"; };
		1444FF8E1DE4D3EA003ABC54 /* DownloadManager.m */ = {isa = PBXFileReference; fileEncoding = 4; lastKnownFileType = sourcecode.c.objc; path = DownloadManager.m; sourceTree = "<group>"; };
		1444FF901DE4D6D8003ABC54 /* CatPicture.h */ = {isa = PBXFileReference; fileEncoding = 4; lastKnownFileType = sourcecode.c.h; path = CatPicture.h; sourceTree = "<group>"; };
		1444FF911DE4D6D8003ABC54 /* CatPicture.m */ = {isa = PBXFileReference; fileEncoding = 4; lastKnownFileType = sourcecode.c.objc; path = CatPicture.m; sourceTree = "<group>"; };
		1444FF931DE50253003ABC54 /* CatImageCellCollectionViewCell.h */ = {isa = PBXFileReference; fileEncoding = 4; lastKnownFileType = sourcecode.c.h; path = CatImageCellCollectionViewCell.h; sourceTree = "<group>"; };
		1444FF941DE50253003ABC54 /* CatImageCellCollectionViewCell.m */ = {isa = PBXFileReference; fileEncoding = 4; lastKnownFileType = sourcecode.c.objc; path = CatImageCellCollectionViewCell.m; sourceTree = "<group>"; };
		1444FF971DE50F81003ABC54 /* DetailViewController.h */ = {isa = PBXFileReference; fileEncoding = 4; lastKnownFileType = sourcecode.c.h; path = DetailViewController.h; sourceTree = "<group>"; };
		1444FF981DE50F81003ABC54 /* DetailViewController.m */ = {isa = PBXFileReference; fileEncoding = 4; lastKnownFileType = sourcecode.c.objc; path = DetailViewController.m; sourceTree = "<group>"; };
		1444FF9A1DE51973003ABC54 /* LocationManager.h */ = {isa = PBXFileReference; fileEncoding = 4; lastKnownFileType = sourcecode.c.h; path = LocationManager.h; sourceTree = "<group>"; };
		1444FF9B1DE51973003ABC54 /* LocationManager.m */ = {isa = PBXFileReference; fileEncoding = 4; lastKnownFileType = sourcecode.c.objc; path = LocationManager.m; sourceTree = "<group>"; };
		1444FFA11DE52BBA003ABC54 /* MapKit.framework */ = {isa = PBXFileReference; lastKnownFileType = wrapper.framework; name = MapKit.framework; path = System/Library/Frameworks/MapKit.framework; sourceTree = SDKROOT; };
		1444FFA31DE544EF003ABC54 /* SearchViewController.h */ = {isa = PBXFileReference; fileEncoding = 4; lastKnownFileType = sourcecode.c.h; path = SearchViewController.h; sourceTree = "<group>"; };
		1444FFA41DE544EF003ABC54 /* SearchViewController.m */ = {isa = PBXFileReference; fileEncoding = 4; lastKnownFileType = sourcecode.c.objc; path = SearchViewController.m; sourceTree = "<group>"; };
		250FDEC4600CE01856D4A56D /* libPods-CatMap.a */ = {isa = PBXFileReference; explicitFileType = archive.ar; includeInIndex = 0; path = "libPods-CatMap.a"; sourceTree = BUILT_PRODUCTS_DIR; };
		A68FD732E80FAA8B01A09969 /* Pods-CatMap.release.xcconfig */ = {isa = PBXFileReference; includeInIndex = 1; lastKnownFileType = text.xcconfig; name = "Pods-CatMap.release.xcconfig"; path = "Pods/Target Support Files/Pods-CatMap/Pods-CatMap.release.xcconfig"; sourceTree = "<group>"; };
		FC622C83C9CB637E80858ABD /* Pods-CatMap.debug.xcconfig */ = {isa = PBXFileReference; includeInIndex = 1; lastKnownFileType = text.xcconfig; name = "Pods-CatMap.debug.xcconfig"; path = "Pods/Target Support Files/Pods-CatMap/Pods-CatMap.debug.xcconfig"; sourceTree = "<group>"; };
/* End PBXFileReference section */

/* Begin PBXFrameworksBuildPhase section */
		1444FF6D1DE4CF8D003ABC54 /* Frameworks */ = {
			isa = PBXFrameworksBuildPhase;
			buildActionMask = 2147483647;
			files = (
				1444FFA21DE52BBA003ABC54 /* MapKit.framework in Frameworks */,
				6572F461B468B97A79236B03 /* libPods-CatMap.a in Frameworks */,
			);
			runOnlyForDeploymentPostprocessing = 0;
		};
/* End PBXFrameworksBuildPhase section */

/* Begin PBXGroup section */
		1444FF671DE4CF8D003ABC54 = {
			isa = PBXGroup;
			children = (
				1444FF721DE4CF8D003ABC54 /* CatMap */,
				1444FF711DE4CF8D003ABC54 /* Products */,
				1444FFA01DE52BBA003ABC54 /* Frameworks */,
				DB64D746E369D8B8601AE5F4 /* Pods */,
			);
			sourceTree = "<group>";
		};
		1444FF711DE4CF8D003ABC54 /* Products */ = {
			isa = PBXGroup;
			children = (
				1444FF701DE4CF8D003ABC54 /* CatMap.app */,
			);
			name = Products;
			sourceTree = "<group>";
		};
		1444FF721DE4CF8D003ABC54 /* CatMap */ = {
			isa = PBXGroup;
			children = (
				1444FF961DE502FE003ABC54 /* Views */,
				1444FF8C1DE4CFC1003ABC54 /* UI */,
				1444FF8B1DE4CFBE003ABC54 /* Controllers */,
				1444FF8A1DE4CFBB003ABC54 /* Models */,
				1444FF731DE4CF8D003ABC54 /* Supporting Files */,
			);
			path = CatMap;
			sourceTree = "<group>";
		};
		1444FF731DE4CF8D003ABC54 /* Supporting Files */ = {
			isa = PBXGroup;
			children = (
				1444FF7F1DE4CF8D003ABC54 /* Assets.xcassets */,
				1444FF841DE4CF8D003ABC54 /* Info.plist */,
				1444FF741DE4CF8D003ABC54 /* main.m */,
			);
			name = "Supporting Files";
			sourceTree = "<group>";
		};
		1444FF8A1DE4CFBB003ABC54 /* Models */ = {
			isa = PBXGroup;
			children = (
				1444FF761DE4CF8D003ABC54 /* AppDelegate.h */,
				1444FF771DE4CF8D003ABC54 /* AppDelegate.m */,
				1444FF8D1DE4D3EA003ABC54 /* DownloadManager.h */,
				1444FF8E1DE4D3EA003ABC54 /* DownloadManager.m */,
				1444FF9A1DE51973003ABC54 /* LocationManager.h */,
				1444FF9B1DE51973003ABC54 /* LocationManager.m */,
				1444FF901DE4D6D8003ABC54 /* CatPicture.h */,
				1444FF911DE4D6D8003ABC54 /* CatPicture.m */,
			);
			name = Models;
			sourceTree = "<group>";
		};
		1444FF8B1DE4CFBE003ABC54 /* Controllers */ = {
			isa = PBXGroup;
			children = (
				1444FF791DE4CF8D003ABC54 /* ViewController.h */,
				1444FF7A1DE4CF8D003ABC54 /* ViewController.m */,
				1444FF971DE50F81003ABC54 /* DetailViewController.h */,
				1444FF981DE50F81003ABC54 /* DetailViewController.m */,
				1444FFA31DE544EF003ABC54 /* SearchViewController.h */,
				1444FFA41DE544EF003ABC54 /* SearchViewController.m */,
				141209851DE5FB490062AD5E /* ShowAllViewController.h */,
				141209861DE5FB490062AD5E /* ShowAllViewController.m */,
			);
			name = Controllers;
			sourceTree = "<group>";
		};
		1444FF8C1DE4CFC1003ABC54 /* UI */ = {
			isa = PBXGroup;
			children = (
				1444FF7C1DE4CF8D003ABC54 /* Main.storyboard */,
				1444FF811DE4CF8D003ABC54 /* LaunchScreen.storyboard */,
			);
			name = UI;
			sourceTree = "<group>";
		};
		1444FF961DE502FE003ABC54 /* Views */ = {
			isa = PBXGroup;
			children = (
				1444FF931DE50253003ABC54 /* CatImageCellCollectionViewCell.h */,
				1444FF941DE50253003ABC54 /* CatImageCellCollectionViewCell.m */,
			);
			name = Views;
			sourceTree = "<group>";
		};
		1444FFA01DE52BBA003ABC54 /* Frameworks */ = {
			isa = PBXGroup;
			children = (
				1444FFA11DE52BBA003ABC54 /* MapKit.framework */,
				250FDEC4600CE01856D4A56D /* libPods-CatMap.a */,
			);
			name = Frameworks;
			sourceTree = "<group>";
		};
		DB64D746E369D8B8601AE5F4 /* Pods */ = {
			isa = PBXGroup;
			children = (
				FC622C83C9CB637E80858ABD /* Pods-CatMap.debug.xcconfig */,
				A68FD732E80FAA8B01A09969 /* Pods-CatMap.release.xcconfig */,
			);
			name = Pods;
			sourceTree = "<group>";
		};
/* End PBXGroup section */

/* Begin PBXNativeTarget section */
		1444FF6F1DE4CF8D003ABC54 /* CatMap */ = {
			isa = PBXNativeTarget;
			buildConfigurationList = 1444FF871DE4CF8D003ABC54 /* Build configuration list for PBXNativeTarget "CatMap" */;
			buildPhases = (
				29E1087D4F853DE0F18B24C8 /* [CP] Check Pods Manifest.lock */,
				1444FF6C1DE4CF8D003ABC54 /* Sources */,
				1444FF6D1DE4CF8D003ABC54 /* Frameworks */,
				1444FF6E1DE4CF8D003ABC54 /* Resources */,
				35B610DAD04E70F899064ACA /* [CP] Embed Pods Frameworks */,
				550974154F7A947FC1F785CB /* [CP] Copy Pods Resources */,
			);
			buildRules = (
			);
			dependencies = (
			);
			name = CatMap;
			productName = CatMap;
			productReference = 1444FF701DE4CF8D003ABC54 /* CatMap.app */;
			productType = "com.apple.product-type.application";
		};
/* End PBXNativeTarget section */

/* Begin PBXProject section */
		1444FF681DE4CF8D003ABC54 /* Project object */ = {
			isa = PBXProject;
			attributes = {
				LastUpgradeCheck = 0810;
				ORGANIZATIONNAME = suvanr;
				TargetAttributes = {
					1444FF6F1DE4CF8D003ABC54 = {
						CreatedOnToolsVersion = 8.1;
						ProvisioningStyle = Automatic;
					};
				};
			};
			buildConfigurationList = 1444FF6B1DE4CF8D003ABC54 /* Build configuration list for PBXProject "CatMap" */;
			compatibilityVersion = "Xcode 3.2";
			developmentRegion = English;
			hasScannedForEncodings = 0;
			knownRegions = (
				en,
				Base,
			);
			mainGroup = 1444FF671DE4CF8D003ABC54;
			productRefGroup = 1444FF711DE4CF8D003ABC54 /* Products */;
			projectDirPath = "";
			projectRoot = "";
			targets = (
				1444FF6F1DE4CF8D003ABC54 /* CatMap */,
			);
		};
/* End PBXProject section */

/* Begin PBXResourcesBuildPhase section */
		1444FF6E1DE4CF8D003ABC54 /* Resources */ = {
			isa = PBXResourcesBuildPhase;
			buildActionMask = 2147483647;
			files = (
				1444FF831DE4CF8D003ABC54 /* LaunchScreen.storyboard in Resources */,
				1444FF801DE4CF8D003ABC54 /* Assets.xcassets in Resources */,
				1444FF7E1DE4CF8D003ABC54 /* Main.storyboard in Resources */,
			);
			runOnlyForDeploymentPostprocessing = 0;
		};
/* End PBXResourcesBuildPhase section */

/* Begin PBXShellScriptBuildPhase section */
		29E1087D4F853DE0F18B24C8 /* [CP] Check Pods Manifest.lock */ = {
			isa = PBXShellScriptBuildPhase;
			buildActionMask = 2147483647;
			files = (
			);
			inputPaths = (
			);
			name = "[CP] Check Pods Manifest.lock";
			outputPaths = (
			);
			runOnlyForDeploymentPostprocessing = 0;
			shellPath = /bin/sh;
			shellScript = "diff \"${PODS_ROOT}/../Podfile.lock\" \"${PODS_ROOT}/Manifest.lock\" > /dev/null\nif [ $? != 0 ] ; then\n    # print error to STDERR\n    echo \"error: The sandbox is not in sync with the Podfile.lock. Run 'pod install' or update your CocoaPods installation.\" >&2\n    exit 1\nfi\n";
			showEnvVarsInLog = 0;
		};
		35B610DAD04E70F899064ACA /* [CP] Embed Pods Frameworks */ = {
			isa = PBXShellScriptBuildPhase;
			buildActionMask = 2147483647;
			files = (
			);
			inputPaths = (
			);
			name = "[CP] Embed Pods Frameworks";
			outputPaths = (
			);
			runOnlyForDeploymentPostprocessing = 0;
			shellPath = /bin/sh;
			shellScript = "\"${SRCROOT}/Pods/Target Support Files/Pods-CatMap/Pods-CatMap-frameworks.sh\"\n";
			showEnvVarsInLog = 0;
		};
		550974154F7A947FC1F785CB /* [CP] Copy Pods Resources */ = {
			isa = PBXShellScriptBuildPhase;
			buildActionMask = 2147483647;
			files = (
			);
			inputPaths = (
			);
			name = "[CP] Copy Pods Resources";
			outputPaths = (
			);
			runOnlyForDeploymentPostprocessing = 0;
			shellPath = /bin/sh;
			shellScript = "\"${SRCROOT}/Pods/Target Support Files/Pods-CatMap/Pods-CatMap-resources.sh\"\n";
			showEnvVarsInLog = 0;
		};
/* End PBXShellScriptBuildPhase section */

/* Begin PBXSourcesBuildPhase section */
		1444FF6C1DE4CF8D003ABC54 /* Sources */ = {
			isa = PBXSourcesBuildPhase;
			buildActionMask = 2147483647;
			files = (
				1444FF9C1DE51973003ABC54 /* LocationManager.m in Sources */,
				141209871DE5FB490062AD5E /* ShowAllViewController.m in Sources */,
				1444FF7B1DE4CF8D003ABC54 /* ViewController.m in Sources */,
				1444FF781DE4CF8D003ABC54 /* AppDelegate.m in Sources */,
				1444FF951DE50253003ABC54 /* CatImageCellCollectionViewCell.m in Sources */,
				1444FFA51DE544EF003ABC54 /* SearchViewController.m in Sources */,
				1444FF751DE4CF8D003ABC54 /* main.m in Sources */,
				1444FF8F1DE4D3EA003ABC54 /* DownloadManager.m in Sources */,
				1444FF921DE4D6D8003ABC54 /* CatPicture.m in Sources */,
				1444FF991DE50F81003ABC54 /* DetailViewController.m in Sources */,
			);
			runOnlyForDeploymentPostprocessing = 0;
		};
/* End PBXSourcesBuildPhase section */

/* Begin PBXVariantGroup section */
		1444FF7C1DE4CF8D003ABC54 /* Main.storyboard */ = {
			isa = PBXVariantGroup;
			children = (
				1444FF7D1DE4CF8D003ABC54 /* Base */,
			);
			name = Main.storyboard;
			sourceTree = "<group>";
		};
		1444FF811DE4CF8D003ABC54 /* LaunchScreen.storyboard */ = {
			isa = PBXVariantGroup;
			children = (
				1444FF821DE4CF8D003ABC54 /* Base */,
			);
			name = LaunchScreen.storyboard;
			sourceTree = "<group>";
		};
/* End PBXVariantGroup section */

/* Begin XCBuildConfiguration section */
		1444FF851DE4CF8D003ABC54 /* Debug */ = {
			isa = XCBuildConfiguration;
			buildSettings = {
				ALWAYS_SEARCH_USER_PATHS = NO;
				CLANG_ANALYZER_NONNULL = YES;
				CLANG_CXX_LANGUAGE_STANDARD = "gnu++0x";
				CLANG_CXX_LIBRARY = "libc++";
				CLANG_ENABLE_MODULES = YES;
				CLANG_ENABLE_OBJC_ARC = YES;
				CLANG_WARN_BOOL_CONVERSION = YES;
				CLANG_WARN_CONSTANT_CONVERSION = YES;
				CLANG_WARN_DIRECT_OBJC_ISA_USAGE = YES_ERROR;
				CLANG_WARN_DOCUMENTATION_COMMENTS = YES;
				CLANG_WARN_EMPTY_BODY = YES;
				CLANG_WARN_ENUM_CONVERSION = YES;
				CLANG_WARN_INFINITE_RECURSION = YES;
				CLANG_WARN_INT_CONVERSION = YES;
				CLANG_WARN_OBJC_ROOT_CLASS = YES_ERROR;
				CLANG_WARN_SUSPICIOUS_MOVES = YES;
				CLANG_WARN_UNREACHABLE_CODE = YES;
				CLANG_WARN__DUPLICATE_METHOD_MATCH = YES;
				"CODE_SIGN_IDENTITY[sdk=iphoneos*]" = "iPhone Developer";
				COPY_PHASE_STRIP = NO;
				DEBUG_INFORMATION_FORMAT = dwarf;
				ENABLE_STRICT_OBJC_MSGSEND = YES;
				ENABLE_TESTABILITY = YES;
				GCC_C_LANGUAGE_STANDARD = gnu99;
				GCC_DYNAMIC_NO_PIC = NO;
				GCC_NO_COMMON_BLOCKS = YES;
				GCC_OPTIMIZATION_LEVEL = 0;
				GCC_PREPROCESSOR_DEFINITIONS = (
					"DEBUG=1",
					"$(inherited)",
				);
				GCC_WARN_64_TO_32_BIT_CONVERSION = YES;
				GCC_WARN_ABOUT_RETURN_TYPE = YES_ERROR;
				GCC_WARN_UNDECLARED_SELECTOR = YES;
				GCC_WARN_UNINITIALIZED_AUTOS = YES_AGGRESSIVE;
				GCC_WARN_UNUSED_FUNCTION = YES;
				GCC_WARN_UNUSED_VARIABLE = YES;
				IPHONEOS_DEPLOYMENT_TARGET = 10.1;
				MTL_ENABLE_DEBUG_INFO = YES;
				ONLY_ACTIVE_ARCH = YES;
				SDKROOT = iphoneos;
			};
			name = Debug;
		};
		1444FF861DE4CF8D003ABC54 /* Release */ = {
			isa = XCBuildConfiguration;
			buildSettings = {
				ALWAYS_SEARCH_USER_PATHS = NO;
				CLANG_ANALYZER_NONNULL = YES;
				CLANG_CXX_LANGUAGE_STANDARD = "gnu++0x";
				CLANG_CXX_LIBRARY = "libc++";
				CLANG_ENABLE_MODULES = YES;
				CLANG_ENABLE_OBJC_ARC = YES;
				CLANG_WARN_BOOL_CONVERSION = YES;
				CLANG_WARN_CONSTANT_CONVERSION = YES;
				CLANG_WARN_DIRECT_OBJC_ISA_USAGE = YES_ERROR;
				CLANG_WARN_DOCUMENTATION_COMMENTS = YES;
				CLANG_WARN_EMPTY_BODY = YES;
				CLANG_WARN_ENUM_CONVERSION = YES;
				CLANG_WARN_INFINITE_RECURSION = YES;
				CLANG_WARN_INT_CONVERSION = YES;
				CLANG_WARN_OBJC_ROOT_CLASS = YES_ERROR;
				CLANG_WARN_SUSPICIOUS_MOVES = YES;
				CLANG_WARN_UNREACHABLE_CODE = YES;
				CLANG_WARN__DUPLICATE_METHOD_MATCH = YES;
				"CODE_SIGN_IDENTITY[sdk=iphoneos*]" = "iPhone Developer";
				COPY_PHASE_STRIP = NO;
				DEBUG_INFORMATION_FORMAT = "dwarf-with-dsym";
				ENABLE_NS_ASSERTIONS = NO;
				ENABLE_STRICT_OBJC_MSGSEND = YES;
				GCC_C_LANGUAGE_STANDARD = gnu99;
				GCC_NO_COMMON_BLOCKS = YES;
				GCC_WARN_64_TO_32_BIT_CONVERSION = YES;
				GCC_WARN_ABOUT_RETURN_TYPE = YES_ERROR;
				GCC_WARN_UNDECLARED_SELECTOR = YES;
				GCC_WARN_UNINITIALIZED_AUTOS = YES_AGGRESSIVE;
				GCC_WARN_UNUSED_FUNCTION = YES;
				GCC_WARN_UNUSED_VARIABLE = YES;
				IPHONEOS_DEPLOYMENT_TARGET = 10.1;
				MTL_ENABLE_DEBUG_INFO = NO;
				SDKROOT = iphoneos;
				VALIDATE_PRODUCT = YES;
			};
			name = Release;
		};
		1444FF881DE4CF8D003ABC54 /* Debug */ = {
			isa = XCBuildConfiguration;
			baseConfigurationReference = FC622C83C9CB637E80858ABD /* Pods-CatMap.debug.xcconfig */;
			buildSettings = {
				ASSETCATALOG_COMPILER_APPICON_NAME = AppIcon;
				INFOPLIST_FILE = CatMap/Info.plist;
				LD_RUNPATH_SEARCH_PATHS = "$(inherited) @executable_path/Frameworks";
				PRODUCT_BUNDLE_IDENTIFIER = com.suvanr.CatMap;
				PRODUCT_NAME = "$(TARGET_NAME)";
			};
			name = Debug;
		};
		1444FF891DE4CF8D003ABC54 /* Release */ = {
			isa = XCBuildConfiguration;
			baseConfigurationReference = A68FD732E80FAA8B01A09969 /* Pods-CatMap.release.xcconfig */;
			buildSettings = {
				ASSETCATALOG_COMPILER_APPICON_NAME = AppIcon;
				INFOPLIST_FILE = CatMap/Info.plist;
				LD_RUNPATH_SEARCH_PATHS = "$(inherited) @executable_path/Frameworks";
				PRODUCT_BUNDLE_IDENTIFIER = com.suvanr.CatMap;
				PRODUCT_NAME = "$(TARGET_NAME)";
			};
			name = Release;
		};
/* End XCBuildConfiguration section */

/* Begin XCConfigurationList section */
		1444FF6B1DE4CF8D003ABC54 /* Build configuration list for PBXProject "CatMap" */ = {
			isa = XCConfigurationList;
			buildConfigurations = (
				1444FF851DE4CF8D003ABC54 /* Debug */,
				1444FF861DE4CF8D003ABC54 /* Release */,
			);
			defaultConfigurationIsVisible = 0;
			defaultConfigurationName = Release;
		};
		1444FF871DE4CF8D003ABC54 /* Build configuration list for PBXNativeTarget "CatMap" */ = {
			isa = XCConfigurationList;
			buildConfigurations = (
				1444FF881DE4CF8D003ABC54 /* Debug */,
				1444FF891DE4CF8D003ABC54 /* Release */,
			);
			defaultConfigurationIsVisible = 0;
			defaultConfigurationName = Release;
		};
/* End XCConfigurationList section */
	};
	rootObject = 1444FF681DE4CF8D003ABC54 /* Project object */;
}
